<Solution>
  <Folder Name="/samples/">
    <Project Path="samples/KuaforApp/KuaforApp.csproj" />
  </Folder>
  <Folder Name="/src/">
    <Project Path="src/YFramework/YFramework.csproj" />
  </Folder>
  <Folder Name="/tests/">
    <Project Path="tests/YFramework.Tests/YFramework.Tests.csproj" />
  </Folder>
</Solution>
